// !$*UTF8*$!
{
	archiveVersion = 1;
	classes = {
	};
	objectVersion = 50;
	objects = {

/* Begin PBXBuildFile section */
		274EDD9723D4029E000B505D /* AppDelegate.swift in Sources */ = {isa = PBXBuildFile; fileRef = 274EDD9623D4029E000B505D /* AppDelegate.swift */; };
		274EDD9923D4029E000B505D /* SceneDelegate.swift in Sources */ = {isa = PBXBuildFile; fileRef = 274EDD9823D4029E000B505D /* SceneDelegate.swift */; };
		274EDD9B23D4029E000B505D /* ViewController.swift in Sources */ = {isa = PBXBuildFile; fileRef = 274EDD9A23D4029E000B505D /* ViewController.swift */; };
		274EDDA023D402A6000B505D /* Assets.xcassets in Resources */ = {isa = PBXBuildFile; fileRef = 274EDD9F23D402A6000B505D /* Assets.xcassets */; };
		274EDDA323D402A6000B505D /* LaunchScreen.storyboard in Resources */ = {isa = PBXBuildFile; fileRef = 274EDDA123D402A6000B505D /* LaunchScreen.storyboard */; };
		274EDDAC23D41F1E000B505D /* UIlabelViewController.swift in Sources */ = {isa = PBXBuildFile; fileRef = 274EDDAB23D41F1E000B505D /* UIlabelViewController.swift */; };
		274EDDAE23D428E4000B505D /* UITextViewViewController.swift in Sources */ = {isa = PBXBuildFile; fileRef = 274EDDAD23D428E4000B505D /* UITextViewViewController.swift */; };
		274EDDB123D430A6000B505D /* UITextFieldViewController.swift in Sources */ = {isa = PBXBuildFile; fileRef = 274EDDB023D430A6000B505D /* UITextFieldViewController.swift */; };
		274EDDB323D4544F000B505D /* UIButtonViewController.swift in Sources */ = {isa = PBXBuildFile; fileRef = 274EDDB223D4544F000B505D /* UIButtonViewController.swift */; };
		274EDDB523D4583A000B505D /* UIAlertControllerViewController.swift in Sources */ = {isa = PBXBuildFile; fileRef = 274EDDB423D4583A000B505D /* UIAlertControllerViewController.swift */; };
		274EDDBD23D46C3C000B505D /* 04.jpg in Resources */ = {isa = PBXBuildFile; fileRef = 274EDDB923D46C3C000B505D /* 04.jpg */; };
		274EDDBF23D46C5D000B505D /* UIImageViewViewController.swift in Sources */ = {isa = PBXBuildFile; fileRef = 274EDDBE23D46C5D000B505D /* UIImageViewViewController.swift */; };
		274EDDC123D47061000B505D /* AutoPlayImageViewController.swift in Sources */ = {isa = PBXBuildFile; fileRef = 274EDDC023D47061000B505D /* AutoPlayImageViewController.swift */; };
		274EDDC623D47131000B505D /* 01.jpg in Resources */ = {isa = PBXBuildFile; fileRef = 274EDDC323D47131000B505D /* 01.jpg */; };
		274EDDC723D47131000B505D /* 03.jpg in Resources */ = {isa = PBXBuildFile; fileRef = 274EDDC423D47131000B505D /* 03.jpg */; };
		274EDDC823D47131000B505D /* 02.jpg in Resources */ = {isa = PBXBuildFile; fileRef = 274EDDC523D47131000B505D /* 02.jpg */; };
		274EDDD023D47156000B505D /* play@2x.png in Resources */ = {isa = PBXBuildFile; fileRef = 274EDDCA23D47155000B505D /* play@2x.png */; };
		274EDDD123D47156000B505D /* stop.png in Resources */ = {isa = PBXBuildFile; fileRef = 274EDDCB23D47155000B505D /* stop.png */; };
		274EDDD223D47156000B505D /* play@3x.png in Resources */ = {isa = PBXBuildFile; fileRef = 274EDDCC23D47155000B505D /* play@3x.png */; };
		274EDDD323D47156000B505D /* stop@2x.png in Resources */ = {isa = PBXBuildFile; fileRef = 274EDDCD23D47155000B505D /* stop@2x.png */; };
		274EDDD423D47156000B505D /* stop@3x.png in Resources */ = {isa = PBXBuildFile; fileRef = 274EDDCE23D47156000B505D /* stop@3x.png */; };
		274EDDD523D47156000B505D /* play.png in Resources */ = {isa = PBXBuildFile; fileRef = 274EDDCF23D47156000B505D /* play.png */; };
/* End PBXBuildFile section */

/* Begin PBXFileReference section */
		274EDD9323D4029E000B505D /* StudyVC.app */ = {isa = PBXFileReference; explicitFileType = wrapper.application; includeInIndex = 0; path = StudyVC.app; sourceTree = BUILT_PRODUCTS_DIR; };
		274EDD9623D4029E000B505D /* AppDelegate.swift */ = {isa = PBXFileReference; lastKnownFileType = sourcecode.swift; path = AppDelegate.swift; sourceTree = "<group>"; };
		274EDD9823D4029E000B505D /* SceneDelegate.swift */ = {isa = PBXFileReference; lastKnownFileType = sourcecode.swift; path = SceneDelegate.swift; sourceTree = "<group>"; };
		274EDD9A23D4029E000B505D /* ViewController.swift */ = {isa = PBXFileReference; lastKnownFileType = sourcecode.swift; path = ViewController.swift; sourceTree = "<group>"; };
		274EDD9F23D402A6000B505D /* Assets.xcassets */ = {isa = PBXFileReference; lastKnownFileType = folder.assetcatalog; path = Assets.xcassets; sourceTree = "<group>"; };
		274EDDA223D402A6000B505D /* Base */ = {isa = PBXFileReference; lastKnownFileType = file.storyboard; name = Base; path = Base.lproj/LaunchScreen.storyboard; sourceTree = "<group>"; };
		274EDDA423D402A6000B505D /* Info.plist */ = {isa = PBXFileReference; lastKnownFileType = text.plist.xml; path = Info.plist; sourceTree = "<group>"; };
		274EDDAB23D41F1E000B505D /* UIlabelViewController.swift */ = {isa = PBXFileReference; lastKnownFileType = sourcecode.swift; path = UIlabelViewController.swift; sourceTree = "<group>"; };
		274EDDAD23D428E4000B505D /* UITextViewViewController.swift */ = {isa = PBXFileReference; lastKnownFileType = sourcecode.swift; path = UITextViewViewController.swift; sourceTree = "<group>"; };
		274EDDB023D430A6000B505D /* UITextFieldViewController.swift */ = {isa = PBXFileReference; lastKnownFileType = sourcecode.swift; path = UITextFieldViewController.swift; sourceTree = "<group>"; };
		274EDDB223D4544F000B505D /* UIButtonViewController.swift */ = {isa = PBXFileReference; lastKnownFileType = sourcecode.swift; path = UIButtonViewController.swift; sourceTree = "<group>"; };
		274EDDB423D4583A000B505D /* UIAlertControllerViewController.swift */ = {isa = PBXFileReference; lastKnownFileType = sourcecode.swift; path = UIAlertControllerViewController.swift; sourceTree = "<group>"; };
		274EDDB923D46C3C000B505D /* 04.jpg */ = {isa = PBXFileReference; lastKnownFileType = image.jpeg; path = 04.jpg; sourceTree = "<group>"; };
		274EDDBE23D46C5D000B505D /* UIImageViewViewController.swift */ = {isa = PBXFileReference; lastKnownFileType = sourcecode.swift; path = UIImageViewViewController.swift; sourceTree = "<group>"; };
		274EDDC023D47061000B505D /* AutoPlayImageViewController.swift */ = {isa = PBXFileReference; lastKnownFileType = sourcecode.swift; path = AutoPlayImageViewController.swift; sourceTree = "<group>"; };
		274EDDC323D47131000B505D /* 01.jpg */ = {isa = PBXFileReference; lastKnownFileType = image.jpeg; path = 01.jpg; sourceTree = "<group>"; };
		274EDDC423D47131000B505D /* 03.jpg */ = {isa = PBXFileReference; lastKnownFileType = image.jpeg; path = 03.jpg; sourceTree = "<group>"; };
		274EDDC523D47131000B505D /* 02.jpg */ = {isa = PBXFileReference; lastKnownFileType = image.jpeg; path = 02.jpg; sourceTree = "<group>"; };
		274EDDCA23D47155000B505D /* play@2x.png */ = {isa = PBXFileReference; lastKnownFileType = image.png; path = "play@2x.png"; sourceTree = "<group>"; };
		274EDDCB23D47155000B505D /* stop.png */ = {isa = PBXFileReference; lastKnownFileType = image.png; path = stop.png; sourceTree = "<group>"; };
		274EDDCC23D47155000B505D /* play@3x.png */ = {isa = PBXFileReference; lastKnownFileType = image.png; path = "play@3x.png"; sourceTree = "<group>"; };
		274EDDCD23D47155000B505D /* stop@2x.png */ = {isa = PBXFileReference; lastKnownFileType = image.png; path = "stop@2x.png"; sourceTree = "<group>"; };
		274EDDCE23D47156000B505D /* stop@3x.png */ = {isa = PBXFileReference; lastKnownFileType = image.png; path = "stop@3x.png"; sourceTree = "<group>"; };
		274EDDCF23D47156000B505D /* play.png */ = {isa = PBXFileReference; lastKnownFileType = image.png; path = play.png; sourceTree = "<group>"; };
/* End PBXFileReference section */

/* Begin PBXFrameworksBuildPhase section */
		274EDD9023D4029E000B505D /* Frameworks */ = {
			isa = PBXFrameworksBuildPhase;
			buildActionMask = 2147483647;
			files = (
			);
			runOnlyForDeploymentPostprocessing = 0;
		};
/* End PBXFrameworksBuildPhase section */

/* Begin PBXGroup section */
		274EDD8A23D4029E000B505D = {
			isa = PBXGroup;
			children = (
				274EDD9523D4029E000B505D /* StudyVC */,
				274EDD9423D4029E000B505D /* Products */,
			);
			sourceTree = "<group>";
		};
		274EDD9423D4029E000B505D /* Products */ = {
			isa = PBXGroup;
			children = (
				274EDD9323D4029E000B505D /* StudyVC.app */,
			);
			name = Products;
			sourceTree = "<group>";
		};
		274EDD9523D4029E000B505D /* StudyVC */ = {
			isa = PBXGroup;
			children = (
				274EDDC923D47147000B505D /* icon */,
				274EDDC223D47116000B505D /* images */,
				274EDDAF23D42986000B505D /* ViewControllers */,
				274EDD9623D4029E000B505D /* AppDelegate.swift */,
				274EDD9823D4029E000B505D /* SceneDelegate.swift */,
				274EDD9F23D402A6000B505D /* Assets.xcassets */,
				274EDDA123D402A6000B505D /* LaunchScreen.storyboard */,
				274EDDA423D402A6000B505D /* Info.plist */,
			);
			path = StudyVC;
			sourceTree = "<group>";
		};
		274EDDAF23D42986000B505D /* ViewControllers */ = {
			isa = PBXGroup;
			children = (
				274EDDB023D430A6000B505D /* UITextFieldViewController.swift */,
				274EDDAB23D41F1E000B505D /* UIlabelViewController.swift */,
				274EDDAD23D428E4000B505D /* UITextViewViewController.swift */,
				274EDD9A23D4029E000B505D /* ViewController.swift */,
				274EDDB223D4544F000B505D /* UIButtonViewController.swift */,
				274EDDB423D4583A000B505D /* UIAlertControllerViewController.swift */,
				274EDDBE23D46C5D000B505D /* UIImageViewViewController.swift */,
				274EDDC023D47061000B505D /* AutoPlayImageViewController.swift */,
			);
			path = ViewControllers;
			sourceTree = "<group>";
		};
		274EDDC223D47116000B505D /* images */ = {
			isa = PBXGroup;
			children = (
				274EDDC323D47131000B505D /* 01.jpg */,
				274EDDC523D47131000B505D /* 02.jpg */,
				274EDDB923D46C3C000B505D /* 04.jpg */,
				274EDDC423D47131000B505D /* 03.jpg */,
			);
			path = images;
			sourceTree = "<group>";
		};
		274EDDC923D47147000B505D /* icon */ = {
			isa = PBXGroup;
			children = (
				274EDDCF23D47156000B505D /* play.png */,
				274EDDCA23D47155000B505D /* play@2x.png */,
				274EDDCC23D47155000B505D /* play@3x.png */,
				274EDDCB23D47155000B505D /* stop.png */,
				274EDDCD23D47155000B505D /* stop@2x.png */,
				274EDDCE23D47156000B505D /* stop@3x.png */,
			);
			path = icon;
			sourceTree = "<group>";
		};
/* End PBXGroup section */

/* Begin PBXNativeTarget section */
		274EDD9223D4029E000B505D /* StudyVC */ = {
			isa = PBXNativeTarget;
			buildConfigurationList = 274EDDA723D402A6000B505D /* Build configuration list for PBXNativeTarget "StudyVC" */;
			buildPhases = (
				274EDD8F23D4029E000B505D /* Sources */,
				274EDD9023D4029E000B505D /* Frameworks */,
				274EDD9123D4029E000B505D /* Resources */,
			);
			buildRules = (
			);
			dependencies = (
			);
			name = StudyVC;
			productName = StudyVC;
			productReference = 274EDD9323D4029E000B505D /* StudyVC.app */;
			productType = "com.apple.product-type.application";
		};
/* End PBXNativeTarget section */

/* Begin PBXProject section */
		274EDD8B23D4029E000B505D /* Project object */ = {
			isa = PBXProject;
			attributes = {
				LastSwiftUpdateCheck = 1130;
				LastUpgradeCheck = 1130;
				ORGANIZATIONNAME = mikewang;
				TargetAttributes = {
					274EDD9223D4029E000B505D = {
						CreatedOnToolsVersion = 11.3.1;
					};
				};
			};
			buildConfigurationList = 274EDD8E23D4029E000B505D /* Build configuration list for PBXProject "StudyVC" */;
			compatibilityVersion = "Xcode 9.3";
			developmentRegion = en;
			hasScannedForEncodings = 0;
			knownRegions = (
				en,
				Base,
			);
			mainGroup = 274EDD8A23D4029E000B505D;
			productRefGroup = 274EDD9423D4029E000B505D /* Products */;
			projectDirPath = "";
			projectRoot = "";
			targets = (
				274EDD9223D4029E000B505D /* StudyVC */,
			);
		};
/* End PBXProject section */

/* Begin PBXResourcesBuildPhase section */
		274EDD9123D4029E000B505D /* Resources */ = {
			isa = PBXResourcesBuildPhase;
			buildActionMask = 2147483647;
			files = (
				274EDDD023D47156000B505D /* play@2x.png in Resources */,
				274EDDC723D47131000B505D /* 03.jpg in Resources */,
				274EDDD123D47156000B505D /* stop.png in Resources */,
				274EDDA323D402A6000B505D /* LaunchScreen.storyboard in Resources */,
				274EDDD423D47156000B505D /* stop@3x.png in Resources */,
				274EDDA023D402A6000B505D /* Assets.xcassets in Resources */,
				274EDDBD23D46C3C000B505D /* 04.jpg in Resources */,
				274EDDD323D47156000B505D /* stop@2x.png in Resources */,
				274EDDD523D47156000B505D /* play.png in Resources */,
				274EDDC823D47131000B505D /* 02.jpg in Resources */,
				274EDDC623D47131000B505D /* 01.jpg in Resources */,
				274EDDD223D47156000B505D /* play@3x.png in Resources */,
			);
			runOnlyForDeploymentPostprocessing = 0;
		};
/* End PBXResourcesBuildPhase section */

/* Begin PBXSourcesBuildPhase section */
		274EDD8F23D4029E000B505D /* Sources */ = {
			isa = PBXSourcesBuildPhase;
			buildActionMask = 2147483647;
			files = (
				274EDDAE23D428E4000B505D /* UITextViewViewController.swift in Sources */,
				274EDDB523D4583A000B505D /* UIAlertControllerViewController.swift in Sources */,
				274EDDBF23D46C5D000B505D /* UIImageViewViewController.swift in Sources */,
				274EDD9B23D4029E000B505D /* ViewController.swift in Sources */,
				274EDD9723D4029E000B505D /* AppDelegate.swift in Sources */,
				274EDD9923D4029E000B505D /* SceneDelegate.swift in Sources */,
				274EDDB123D430A6000B505D /* UITextFieldViewController.swift in Sources */,
				274EDDC123D47061000B505D /* AutoPlayImageViewController.swift in Sources */,
				274EDDB323D4544F000B505D /* UIButtonViewController.swift in Sources */,
				274EDDAC23D41F1E000B505D /* UIlabelViewController.swift in Sources */,
			);
			runOnlyForDeploymentPostprocessing = 0;
		};
/* End PBXSourcesBuildPhase section */

/* Begin PBXVariantGroup section */
		274EDDA123D402A6000B505D /* LaunchScreen.storyboard */ = {
			isa = PBXVariantGroup;
			children = (
				274EDDA223D402A6000B505D /* Base */,
			);
			name = LaunchScreen.storyboard;
			sourceTree = "<group>";
		};
/* End PBXVariantGroup section */

/* Begin XCBuildConfiguration section */
		274EDDA523D402A6000B505D /* Debug */ = {
			isa = XCBuildConfiguration;
			buildSettings = {
				ALWAYS_SEARCH_USER_PATHS = NO;
				CLANG_ANALYZER_NONNULL = YES;
				CLANG_ANALYZER_NUMBER_OBJECT_CONVERSION = YES_AGGRESSIVE;
				CLANG_CXX_LANGUAGE_STANDARD = "gnu++14";
				CLANG_CXX_LIBRARY = "libc++";
				CLANG_ENABLE_MODULES = YES;
				CLANG_ENABLE_OBJC_ARC = YES;
				CLANG_ENABLE_OBJC_WEAK = YES;
				CLANG_WARN_BLOCK_CAPTURE_AUTORELEASING = YES;
				CLANG_WARN_BOOL_CONVERSION = YES;
				CLANG_WARN_COMMA = YES;
				CLANG_WARN_CONSTANT_CONVERSION = YES;
				CLANG_WARN_DEPRECATED_OBJC_IMPLEMENTATIONS = YES;
				CLANG_WARN_DIRECT_OBJC_ISA_USAGE = YES_ERROR;
				CLANG_WARN_DOCUMENTATION_COMMENTS = YES;
				CLANG_WARN_EMPTY_BODY = YES;
				CLANG_WARN_ENUM_CONVERSION = YES;
				CLANG_WARN_INFINITE_RECURSION = YES;
				CLANG_WARN_INT_CONVERSION = YES;
				CLANG_WARN_NON_LITERAL_NULL_CONVERSION = YES;
				CLANG_WARN_OBJC_IMPLICIT_RETAIN_SELF = YES;
				CLANG_WARN_OBJC_LITERAL_CONVERSION = YES;
				CLANG_WARN_OBJC_ROOT_CLASS = YES_ERROR;
				CLANG_WARN_RANGE_LOOP_ANALYSIS = YES;
				CLANG_WARN_STRICT_PROTOTYPES = YES;
				CLANG_WARN_SUSPICIOUS_MOVE = YES;
				CLANG_WARN_UNGUARDED_AVAILABILITY = YES_AGGRESSIVE;
				CLANG_WARN_UNREACHABLE_CODE = YES;
				CLANG_WARN__DUPLICATE_METHOD_MATCH = YES;
				COPY_PHASE_STRIP = NO;
				DEBUG_INFORMATION_FORMAT = dwarf;
				ENABLE_STRICT_OBJC_MSGSEND = YES;
				ENABLE_TESTABILITY = YES;
				GCC_C_LANGUAGE_STANDARD = gnu11;
				GCC_DYNAMIC_NO_PIC = NO;
				GCC_NO_COMMON_BLOCKS = YES;
				GCC_OPTIMIZATION_LEVEL = 0;
				GCC_PREPROCESSOR_DEFINITIONS = (
					"DEBUG=1",
					"$(inherited)",
				);
				GCC_WARN_64_TO_32_BIT_CONVERSION = YES;
				GCC_WARN_ABOUT_RETURN_TYPE = YES_ERROR;
				GCC_WARN_UNDECLARED_SELECTOR = YES;
				GCC_WARN_UNINITIALIZED_AUTOS = YES_AGGRESSIVE;
				GCC_WARN_UNUSED_FUNCTION = YES;
				GCC_WARN_UNUSED_VARIABLE = YES;
				IPHONEOS_DEPLOYMENT_TARGET = 13.2;
				MTL_ENABLE_DEBUG_INFO = INCLUDE_SOURCE;
				MTL_FAST_MATH = YES;
				ONLY_ACTIVE_ARCH = YES;
				SDKROOT = iphoneos;
				SWIFT_ACTIVE_COMPILATION_CONDITIONS = DEBUG;
				SWIFT_OPTIMIZATION_LEVEL = "-Onone";
			};
			name = Debug;
		};
		274EDDA623D402A6000B505D /* Release */ = {
			isa = XCBuildConfiguration;
			buildSettings = {
				ALWAYS_SEARCH_USER_PATHS = NO;
				CLANG_ANALYZER_NONNULL = YES;
				CLANG_ANALYZER_NUMBER_OBJECT_CONVERSION = YES_AGGRESSIVE;
				CLANG_CXX_LANGUAGE_STANDARD = "gnu++14";
				CLANG_CXX_LIBRARY = "libc++";
				CLANG_ENABLE_MODULES = YES;
				CLANG_ENABLE_OBJC_ARC = YES;
				CLANG_ENABLE_OBJC_WEAK = YES;
				CLANG_WARN_BLOCK_CAPTURE_AUTORELEASING = YES;
				CLANG_WARN_BOOL_CONVERSION = YES;
				CLANG_WARN_COMMA = YES;
				CLANG_WARN_CONSTANT_CONVERSION = YES;
				CLANG_WARN_DEPRECATED_OBJC_IMPLEMENTATIONS = YES;
				CLANG_WARN_DIRECT_OBJC_ISA_USAGE = YES_ERROR;
				CLANG_WARN_DOCUMENTATION_COMMENTS = YES;
				CLANG_WARN_EMPTY_BODY = YES;
				CLANG_WARN_ENUM_CONVERSION = YES;
				CLANG_WARN_INFINITE_RECURSION = YES;
				CLANG_WARN_INT_CONVERSION = YES;
				CLANG_WARN_NON_LITERAL_NULL_CONVERSION = YES;
				CLANG_WARN_OBJC_IMPLICIT_RETAIN_SELF = YES;
				CLANG_WARN_OBJC_LITERAL_CONVERSION = YES;
				CLANG_WARN_OBJC_ROOT_CLASS = YES_ERROR;
				CLANG_WARN_RANGE_LOOP_ANALYSIS = YES;
				CLANG_WARN_STRICT_PROTOTYPES = YES;
				CLANG_WARN_SUSPICIOUS_MOVE = YES;
				CLANG_WARN_UNGUARDED_AVAILABILITY = YES_AGGRESSIVE;
				CLANG_WARN_UNREACHABLE_CODE = YES;
				CLANG_WARN__DUPLICATE_METHOD_MATCH = YES;
				COPY_PHASE_STRIP = NO;
				DEBUG_INFORMATION_FORMAT = "dwarf-with-dsym";
				ENABLE_NS_ASSERTIONS = NO;
				ENABLE_STRICT_OBJC_MSGSEND = YES;
				GCC_C_LANGUAGE_STANDARD = gnu11;
				GCC_NO_COMMON_BLOCKS = YES;
				GCC_WARN_64_TO_32_BIT_CONVERSION = YES;
				GCC_WARN_ABOUT_RETURN_TYPE = YES_ERROR;
				GCC_WARN_UNDECLARED_SELECTOR = YES;
				GCC_WARN_UNINITIALIZED_AUTOS = YES_AGGRESSIVE;
				GCC_WARN_UNUSED_FUNCTION = YES;
				GCC_WARN_UNUSED_VARIABLE = YES;
				IPHONEOS_DEPLOYMENT_TARGET = 13.2;
				MTL_ENABLE_DEBUG_INFO = NO;
				MTL_FAST_MATH = YES;
				SDKROOT = iphoneos;
				SWIFT_COMPILATION_MODE = wholemodule;
				SWIFT_OPTIMIZATION_LEVEL = "-O";
				VALIDATE_PRODUCT = YES;
			};
			name = Release;
		};
		274EDDA823D402A6000B505D /* Debug */ = {
			isa = XCBuildConfiguration;
			buildSettings = {
				ASSETCATALOG_COMPILER_APPICON_NAME = AppIcon;
				CODE_SIGN_STYLE = Automatic;
				INFOPLIST_FILE = StudyVC/Info.plist;
				LD_RUNPATH_SEARCH_PATHS = (
					"$(inherited)",
					"@executable_path/Frameworks",
				);
				PRODUCT_BUNDLE_IDENTIFIER = com.mike.StudyVC;
				PRODUCT_NAME = "$(TARGET_NAME)";
				SWIFT_VERSION = 5.0;
				TARGETED_DEVICE_FAMILY = "1,2";
			};
			name = Debug;
		};
		274EDDA923D402A6000B505D /* Release */ = {
			isa = XCBuildConfiguration;
			buildSettings = {
				ASSETCATALOG_COMPILER_APPICON_NAME = AppIcon;
				CODE_SIGN_STYLE = Automatic;
				INFOPLIST_FILE = StudyVC/Info.plist;
				LD_RUNPATH_SEARCH_PATHS = (
					"$(inherited)",
					"@executable_path/Frameworks",
				);
				PRODUCT_BUNDLE_IDENTIFIER = com.mike.StudyVC;
				PRODUCT_NAME = "$(TARGET_NAME)";
				SWIFT_VERSION = 5.0;
				TARGETED_DEVICE_FAMILY = "1,2";
			};
			name = Release;
		};
/* End XCBuildConfiguration section */

/* Begin XCConfigurationList section */
		274EDD8E23D4029E000B505D /* Build configuration list for PBXProject "StudyVC" */ = {
			isa = XCConfigurationList;
			buildConfigurations = (
				274EDDA523D402A6000B505D /* Debug */,
				274EDDA623D402A6000B505D /* Release */,
			);
			defaultConfigurationIsVisible = 0;
			defaultConfigurationName = Release;
		};
		274EDDA723D402A6000B505D /* Build configuration list for PBXNativeTarget "StudyVC" */ = {
			isa = XCConfigurationList;
			buildConfigurations = (
				274EDDA823D402A6000B505D /* Debug */,
				274EDDA923D402A6000B505D /* Release */,
			);
			defaultConfigurationIsVisible = 0;
			defaultConfigurationName = Release;
		};
/* End XCConfigurationList section */
	};
	rootObject = 274EDD8B23D4029E000B505D /* Project object */;
}
